github.com/nobonobo/posenet v0.0.0-20201110133328-4c8a988289ac h1:y0wSzmLwSIV/8VTT7oALjVrylBBG0Q2aNWlVwiFE/Bo=
github.com/nobonobo/posenet v0.0.0-20201110133328-4c8a988289ac/go.mod h1:Tm88jJNSViPDEbpSrskfQMfiMG6XHaZxbLgpQpiJ3Xk=
github.com/nobonobo/posenet v0.0.0-20201218134507-edb0dce1f987 h1:ZEkiPIi7YcSnpTRfslMoWOIOrGCn9uz61uHZ/SKTTHU=
github.com/nobonobo/posenet v0.0.0-20201218134507-edb0dce1f987/go.mod h1:Tm88jJNSViPDEbpSrskfQMfiMG6XHaZxbLgpQpiJ3Xk=
github.com/nobonobo/posenet v0.0.0-20201218135310-9e65940a0f62 h1:+gne7+qHADPA6XSs0ItdLddfpci+ZhKPxoH6fSNpm6Y=
github.com/nobonobo/posenet v0.0.0-20201218135310-9e65940a0f62/go.mod h1:Tm88jJNSViPDEbpSrskfQMfiMG6XHaZxbLgpQpiJ3Xk=
github.com/nobonobo/posenet v0.0.0-20201218135846-1d0f167a0758 h1:Nr3zdUqiVF7+i8J+Q9CA3kEW0KdPAMTKLyh2kp4ZOLM=
github.com/nobonobo/posenet v0.0.0-20201218135846-1d0f167a0758/go.mod h1:Tm88jJNSViPDEbpSrskfQMfiMG6XHaZxbLgpQpiJ3Xk=
github.com/nobonobo/posenet v0.0.0-20201218140000-1b8aa793a894 h1:PKVrOgTP9B3+gVV5jvlrn0eyIvQKB3GGRpImSlPB7TA=
github.com/nobonobo/posenet v0.0.0-20201218140000-1b8aa793a894/go.mod h1:Tm88jJNSViPDEbpSrskfQMfiMG6XHaZxbLgpQpiJ3Xk=
github.com/nobonobo/posenet v0.0.0-20201218140617-f0b77fcdb69e h1:u4X+Oy60h+nW1PKXGgTCa7reRXcDqZrkOuCtx78vQ3Y=
github.com/nobonobo/posenet v0.0.0-20201218140617-f0b77fcdb69e/go.mod h1:Tm88jJNSViPDEbpSrskfQMfiMG6XHaZxbLgpQpiJ3Xk=
github.com/nobonobo/posenet v0.0.0-20201218140855-1dff9347e25e h1:3Tf0n5iyAMH7aPjmvLB/VCiJQXzxacv1pgQuojYcHvA=
github.com/nobonobo/posenet v0.0.0-20201218140855-1dff9347e25e/go.mod h1:Tm88jJNSViPDEbpSrskfQMfiMG6XHaZxbLgpQpiJ3Xk=
github.com/nobonobo/posenet v0.0.0-20201219010337-5a84a1a9adb1 h1:Qp12/l0w8KOepyXyoo8N25jwo+USPFVp7UdP6T/niS0=
github.com/nobonobo/posenet v0.0.0-20201219010337-5a84a1a9adb1/go.mod h1:Tm88jJNSViPDEbpSrskfQMfiMG6XHaZxbLgpQpiJ3Xk=
github.com/nobonobo/posenet v0.0.0-20201219114727-13601da88e52 h1:zOGbRcBuFj/HDIEvu/1Dtg2vTsqdsuSR3Sq/2mTlnVY=
github.com/nobonobo/posenet v0.0.0-20201219114727-13601da88e52/go.mod h1:Tm88jJNSViPDEbpSrskfQMfiMG6XHaZxbLgpQpiJ3Xk=
github.com/nobonobo/posenet v0.0.0-20201219115421-603037231a48 h1:LzJ7VHo8PHTJkGCq28/ULwgpswKejRstbjAhW/HBtC8=
github.com/nobonobo/posenet v0.0.0-20201219115421-603037231a48/go.mod h1:Tm88jJNSViPDEbpSrskfQMfiMG6XHaZxbLgpQpiJ3Xk=
github.com/nobonobo/posenet v0.0.0-20201219133825-5c695be65730 h1:HvLMtg270vH7dVWO6+xS/sOmi3AW373lrpc+Sj+AfRY=
github.com/nobonobo/posenet v0.0.0-20201219133825-5c695be65730/go.mod h1:Tm88jJNSViPDEbpSrskfQMfiMG6XHaZxbLgpQpiJ3Xk=
github.com/nobonobo/posenet v0.0.0-20201219134707-66b2d8866819 h1:j1ojw0mpaj0RDAwas0DHYAfbJYqYSP2kwmYR/2cVjDA=
github.com/nobonobo/posenet v0.0.0-20201219134707-66b2d8866819/go.mod h1:Tm88jJNSViPDEbpSrskfQMfiMG6XHaZxbLgpQpiJ3Xk=
github.com/nobonobo/posenet v0.0.0-20201219134825-bc14ffc07879 h1:mcOA29V6XZsJT6Kqi/ry3jF7wxXto11Q2CrMdemIs/0=
github.com/nobonobo/posenet v0.0.0-20201219134825-bc14ffc07879/go.mod h1:Tm88jJNSViPDEbpSrskfQMfiMG6XHaZxbLgpQpiJ3Xk=
github.com/nobonobo/posenet v0.0.0-20201219135103-7a2ef3385cb2 h1:vYb0ho4FyzQdkEPjSeKTrqOAkoYoXsYdBl0L7lc3piI=
github.com/nobonobo/posenet v0.0.0-20201219135103-7a2ef3385cb2/go.mod h1:Tm88jJNSViPDEbpSrskfQMfiMG6XHaZxbLgpQpiJ3Xk=
github.com/nobonobo/spago v1.0.12/go.mod h1:1MWA9gQnbfmYk2D1+9GZA993IQAc8N0DgmmDSI6p4KU=
github.com/nobonobo/spago v1.0.13 h1:fcAmjm/CIMnmLYzvxMB7ifFpFSD4wczFf0W39T+RI1s=
github.com/nobonobo/spago v1.0.13/go.mod h1:1MWA9gQnbfmYk2D1+9GZA993IQAc8N0DgmmDSI6p4KU=
github.com/nobonobo/spago v1.0.14-0.20201219051750-cea0db3bb245 h1:egZObc9icFLNymSXDLO9OfB9KXPLr5xDobF+xwcDsMI=
github.com/nobonobo/spago v1.0.14-0.20201219051750-cea0db3bb245/go.mod h1:1MWA9gQnbfmYk2D1+9GZA993IQAc8N0DgmmDSI6p4KU=
github.com/nobonobo/spago v1.0.14-0.20201219103015-3d72686f78f7 h1:XY6YjLaSwPL1QPustEmHKMJu2NshVbGI8usRX1yq7F8=
github.com/nobonobo/spago v1.0.14-0.20201219103015-3d72686f78f7/go.mod h1:1MWA9gQnbfmYk2D1+9GZA993IQAc8N0DgmmDSI6p4KU=
github.com/nobonobo/spago v1.0.14-0.20201219103235-affe475a11f8 h1:CdjMr2F9f9RXTMCbvcDHVDCZv/bbRl5iiAVGDMI+0bY=
github.com/nobonobo/spago v1.0.14-0.20201219103235-affe475a11f8/go.mod h1:1MWA9gQnbfmYk2D1+9GZA993IQAc8N0DgmmDSI6p4KU=
github.com/nobonobo/spago v1.0.14-0.20201219104001-fbf18d25904d h1:17DkcX+pr8Z0IjMM94jujiWGYkRPlE/0Ycy/1+8+TGs=
github.com/nobonobo/spago v1.0.14-0.20201219104001-fbf18d25904d/go.mod h1:1MWA9gQnbfmYk2D1+9GZA993IQAc8N0DgmmDSI6p4KU=
github.com/nobonobo/spago v1.0.14-0.20201219104236-261a1a7d2fe9 h1:JrMN/oMTdflDGfRdixrd4yOouQaQf0k0PozCltV7AYM=
github.com/nobonobo/spago v1.0.14-0.20201219104236-261a1a7d2fe9/go.mod h1:1MWA9gQnbfmYk2D1+9GZA993IQAc8N0DgmmDSI6p4KU=
github.com/nobonobo/spago v1.0.14-0.20201219110342-47bbc77e5d5e h1:u0PP58W5bQ5LIh8zFOq6pxd6U0L4n7KbojV6e/8m0nU=
github.com/nobonobo/spago v1.0.14-0.20201219110342-47bbc77e5d5e/go.mod h1:1MWA9gQnbfmYk2D1+9GZA993IQAc8N0DgmmDSI6p4KU=
github.com/nobonobo/spago v1.0.14-0.20201219110821-9a6e74e04735 h1:KqJiiUgDgHfBS5S+6lbuCOhBhQn0FzC8tnW1cdUun+s=
github.com/nobonobo/spago v1.0.14-0.20201219110821-9a6e74e04735/go.mod h1:1MWA9gQnbfmYk2D1+9GZA993IQAc8N0DgmmDSI6p4KU=
github.com/nobonobo/spago v1.0.14-0.20201219111140-553f1b2358d2 h1:D5ifAnZwfB9WunztYYnqnR4NSV2K/L1kD8RYzYfoBVI=
github.com/nobonobo/spago v1.0.14-0.20201219111140-553f1b2358d2/go.mod h1:1MWA9gQnbfmYk2D1+9GZA993IQAc8N0DgmmDSI6p4KU=
github.com/nobonobo/spago v1.0.14-0.20201219111625-8b1ce8a5f1d8 h1:tv3i6t7c4symDx5KGjxrycbxmtQx3pydyVQUZ3F26jA=
github.com/nobonobo/spago v1.0.14-0.20201219111625-8b1ce8a5f1d8/go.mod h1:1MWA9gQnbfmYk2D1+9GZA993IQAc8N0DgmmDSI6p4KU=
github.com/nobonobo/spago v1.0.14-0.20201219111935-f9091ed15131 h1:bWO1Mglkdgc2GLBLuDF34S2+AkCJQJnwkg5bxsHckVA=
github.com/nobonobo/spago v1.0.14-0.20201219111935-f9091ed15131/go.mod h1:1MWA9gQnbfmYk2D1+9GZA993IQAc8N0DgmmDSI6p4KU=
github.com/nobonobo/spago v1.0.14-0.20201219112307-c8e86b3870b0 h1:TcENfm2Bqe3R6IV57JQ2/hrAzlSeDZJr/EGEVWDcgWk=
github.com/nobonobo/spago v1.0.14-0.20201219112307-c8e86b3870b0/go.mod h1:1MWA9gQnbfmYk2D1+9GZA993IQAc8N0DgmmDSI6p4KU=
